
Microsoft Visual Studio Solution File, Format Version 12.00
# Visual Studio Version 17
VisualStudioVersion = 17.5.33414.496
MinimumVisualStudioVersion = 10.0.40219.1
Project("{FAE04EC0-301F-11D3-BF4B-00C04F79EFBC}") = "BigSchool", "BigSchool\BigSchool.csproj", "{A13AB7F0-2252-46AA-9595-F569886FCB80}"
EndProject
Global
	GlobalSection(SolutionConfigurationPlatforms) = preSolution
		Debug|Any CPU = Debug|Any CPU
		Release|Any CPU = Release|Any CPU
	EndGlobalSection
	GlobalSection(ProjectConfigurationPlatforms) = postSolution
		{A13AB7F0-2252-46AA-9595-F569886FCB80}.Debug|Any CPU.ActiveCfg = Debug|Any CPU
		{A13AB7F0-2252-46AA-9595-F569886FCB80}.Debug|Any CPU.Build.0 = Debug|Any CPU
		{A13AB7F0-2252-46AA-9595-F569886FCB80}.Release|Any CPU.ActiveCfg = Release|Any CPU
		{A13AB7F0-2252-46AA-9595-F569886FCB80}.Release|Any CPU.Build.0 = Release|Any CPU
	EndGlobalSection
	GlobalSection(SolutionProperties) = preSolution
		HideSolutionNode = FALSE
	EndGlobalSection
	GlobalSection(ExtensibilityGlobals) = postSolution
		SolutionGuid = {9EFFB19A-8E19-4933-800E-9B1525C7C9DC}
	EndGlobalSection
EndGlobal
